
Microsoft Visual Studio Solution File, Format Version 12.00
# Visual Studio 2013
VisualStudioVersion = 12.0.30723.0
MinimumVisualStudioVersion = 10.0.40219.1
Project("{FAE04EC0-301F-11D3-BF4B-00C04F79EFBC}") = "MagisterAPI", "Poehoe\MagisterAPI.csproj", "{04718B06-D7C3-4B43-BB58-85F0179E81EB}"
EndProject
Project("{FAE04EC0-301F-11D3-BF4B-00C04F79EFBC}") = "MagisterAPI Tester", "Welp\MagisterAPI Tester.csproj", "{9457282F-77E0-43D2-B1C1-CCDA204A9B38}"
EndProject
Project("{FAE04EC0-301F-11D3-BF4B-00C04F79EFBC}") = "Magister ZIPWin32", "PoehoeZipWin32\Magister ZIPWin32.csproj", "{46CB5515-8A15-489E-97A1-4D17E4918DB5}"
EndProject
Project("{FAE04EC0-301F-11D3-BF4B-00C04F79EFBC}") = "Magister ZIPWinP", "PoehoeZipWinPhone\Magister ZIPWinP.csproj", "{D3FEDAC1-A25A-4039-83B8-B1F8F8C032D6}"
EndProject
Project("{FAE04EC0-301F-11D3-BF4B-00C04F79EFBC}") = "MagisterApp WP", "PoehoeWIP\MagisterApp WP.csproj", "{9D8E0B9D-B067-4B31-9110-2D05AD34F9B5}"
EndProject
Global
	GlobalSection(SolutionConfigurationPlatforms) = preSolution
		Debug|Any CPU = Debug|Any CPU
		Debug|ARM = Debug|ARM
		Debug|x86 = Debug|x86
		Release|Any CPU = Release|Any CPU
		Release|ARM = Release|ARM
		Release|x86 = Release|x86
	EndGlobalSection
	GlobalSection(ProjectConfigurationPlatforms) = postSolution
		{04718B06-D7C3-4B43-BB58-85F0179E81EB}.Debug|Any CPU.ActiveCfg = Debug|Any CPU
		{04718B06-D7C3-4B43-BB58-85F0179E81EB}.Debug|Any CPU.Build.0 = Debug|Any CPU
		{04718B06-D7C3-4B43-BB58-85F0179E81EB}.Debug|ARM.ActiveCfg = Debug|Any CPU
		{04718B06-D7C3-4B43-BB58-85F0179E81EB}.Debug|x86.ActiveCfg = Debug|Any CPU
		{04718B06-D7C3-4B43-BB58-85F0179E81EB}.Release|Any CPU.ActiveCfg = Release|Any CPU
		{04718B06-D7C3-4B43-BB58-85F0179E81EB}.Release|Any CPU.Build.0 = Release|Any CPU
		{04718B06-D7C3-4B43-BB58-85F0179E81EB}.Release|ARM.ActiveCfg = Release|Any CPU
		{04718B06-D7C3-4B43-BB58-85F0179E81EB}.Release|x86.ActiveCfg = Release|Any CPU
		{9457282F-77E0-43D2-B1C1-CCDA204A9B38}.Debug|Any CPU.ActiveCfg = Debug|Any CPU
		{9457282F-77E0-43D2-B1C1-CCDA204A9B38}.Debug|Any CPU.Build.0 = Debug|Any CPU
		{9457282F-77E0-43D2-B1C1-CCDA204A9B38}.Debug|ARM.ActiveCfg = Debug|Any CPU
		{9457282F-77E0-43D2-B1C1-CCDA204A9B38}.Debug|x86.ActiveCfg = Debug|Any CPU
		{9457282F-77E0-43D2-B1C1-CCDA204A9B38}.Release|Any CPU.ActiveCfg = Release|Any CPU
		{9457282F-77E0-43D2-B1C1-CCDA204A9B38}.Release|Any CPU.Build.0 = Release|Any CPU
		{9457282F-77E0-43D2-B1C1-CCDA204A9B38}.Release|ARM.ActiveCfg = Release|Any CPU
		{9457282F-77E0-43D2-B1C1-CCDA204A9B38}.Release|x86.ActiveCfg = Release|Any CPU
		{46CB5515-8A15-489E-97A1-4D17E4918DB5}.Debug|Any CPU.ActiveCfg = Debug|Any CPU
		{46CB5515-8A15-489E-97A1-4D17E4918DB5}.Debug|Any CPU.Build.0 = Debug|Any CPU
		{46CB5515-8A15-489E-97A1-4D17E4918DB5}.Debug|ARM.ActiveCfg = Debug|Any CPU
		{46CB5515-8A15-489E-97A1-4D17E4918DB5}.Debug|x86.ActiveCfg = Debug|Any CPU
		{46CB5515-8A15-489E-97A1-4D17E4918DB5}.Release|Any CPU.ActiveCfg = Release|Any CPU
		{46CB5515-8A15-489E-97A1-4D17E4918DB5}.Release|Any CPU.Build.0 = Release|Any CPU
		{46CB5515-8A15-489E-97A1-4D17E4918DB5}.Release|ARM.ActiveCfg = Release|Any CPU
		{46CB5515-8A15-489E-97A1-4D17E4918DB5}.Release|x86.ActiveCfg = Release|Any CPU
		{D3FEDAC1-A25A-4039-83B8-B1F8F8C032D6}.Debug|Any CPU.ActiveCfg = Debug|Any CPU
		{D3FEDAC1-A25A-4039-83B8-B1F8F8C032D6}.Debug|Any CPU.Build.0 = Debug|Any CPU
		{D3FEDAC1-A25A-4039-83B8-B1F8F8C032D6}.Debug|ARM.ActiveCfg = Debug|ARM
		{D3FEDAC1-A25A-4039-83B8-B1F8F8C032D6}.Debug|ARM.Build.0 = Debug|ARM
		{D3FEDAC1-A25A-4039-83B8-B1F8F8C032D6}.Debug|x86.ActiveCfg = Debug|x86
		{D3FEDAC1-A25A-4039-83B8-B1F8F8C032D6}.Debug|x86.Build.0 = Debug|x86
		{D3FEDAC1-A25A-4039-83B8-B1F8F8C032D6}.Release|Any CPU.ActiveCfg = Release|Any CPU
		{D3FEDAC1-A25A-4039-83B8-B1F8F8C032D6}.Release|Any CPU.Build.0 = Release|Any CPU
		{D3FEDAC1-A25A-4039-83B8-B1F8F8C032D6}.Release|ARM.ActiveCfg = Release|ARM
		{D3FEDAC1-A25A-4039-83B8-B1F8F8C032D6}.Release|ARM.Build.0 = Release|ARM
		{D3FEDAC1-A25A-4039-83B8-B1F8F8C032D6}.Release|x86.ActiveCfg = Release|x86
		{D3FEDAC1-A25A-4039-83B8-B1F8F8C032D6}.Release|x86.Build.0 = Release|x86
		{9D8E0B9D-B067-4B31-9110-2D05AD34F9B5}.Debug|Any CPU.ActiveCfg = Debug|Any CPU
		{9D8E0B9D-B067-4B31-9110-2D05AD34F9B5}.Debug|Any CPU.Build.0 = Debug|Any CPU
		{9D8E0B9D-B067-4B31-9110-2D05AD34F9B5}.Debug|Any CPU.Deploy.0 = Debug|Any CPU
		{9D8E0B9D-B067-4B31-9110-2D05AD34F9B5}.Debug|ARM.ActiveCfg = Debug|ARM
		{9D8E0B9D-B067-4B31-9110-2D05AD34F9B5}.Debug|ARM.Build.0 = Debug|ARM
		{9D8E0B9D-B067-4B31-9110-2D05AD34F9B5}.Debug|ARM.Deploy.0 = Debug|ARM
		{9D8E0B9D-B067-4B31-9110-2D05AD34F9B5}.Debug|x86.ActiveCfg = Debug|x86
		{9D8E0B9D-B067-4B31-9110-2D05AD34F9B5}.Debug|x86.Build.0 = Debug|x86
		{9D8E0B9D-B067-4B31-9110-2D05AD34F9B5}.Debug|x86.Deploy.0 = Debug|x86
		{9D8E0B9D-B067-4B31-9110-2D05AD34F9B5}.Release|Any CPU.ActiveCfg = Release|Any CPU
		{9D8E0B9D-B067-4B31-9110-2D05AD34F9B5}.Release|Any CPU.Build.0 = Release|Any CPU
		{9D8E0B9D-B067-4B31-9110-2D05AD34F9B5}.Release|Any CPU.Deploy.0 = Release|Any CPU
		{9D8E0B9D-B067-4B31-9110-2D05AD34F9B5}.Release|ARM.ActiveCfg = Release|ARM
		{9D8E0B9D-B067-4B31-9110-2D05AD34F9B5}.Release|ARM.Build.0 = Release|ARM
		{9D8E0B9D-B067-4B31-9110-2D05AD34F9B5}.Release|ARM.Deploy.0 = Release|ARM
		{9D8E0B9D-B067-4B31-9110-2D05AD34F9B5}.Release|x86.ActiveCfg = Release|x86
		{9D8E0B9D-B067-4B31-9110-2D05AD34F9B5}.Release|x86.Build.0 = Release|x86
		{9D8E0B9D-B067-4B31-9110-2D05AD34F9B5}.Release|x86.Deploy.0 = Release|x86
	EndGlobalSection
	GlobalSection(SolutionProperties) = preSolution
		HideSolutionNode = FALSE
	EndGlobalSection
EndGlobal
